Microsoft Visual Studio Solution File, Format Version 12.00
# Visual Studio Version 16
VisualStudioVersion = 16.0.30717.126
MinimumVisualStudioVersion = 10.0.40219.1
Project("{FAE04EC0-301F-11D3-BF4B-00C04F79EFBC}") = "SampleApp.Android", "SampleApp.Android\SampleApp.Android.csproj", "{CC1F370A-205C-4A74-95F3-BEB1843472A9}"
EndProject
Project("{9A19103F-16F7-4668-BE54-9A1E7A4F7556}") = "SampleApp", "SampleApp\SampleApp.csproj", "{245ABB19-B033-4A5B-B0F9-0BC5BD33C923}"
EndProject
Global
	GlobalSection(SolutionConfigurationPlatforms) = preSolution
		Debug|Any CPU = Debug|Any CPU
		Debug|iPhone = Debug|iPhone
		Debug|iPhoneSimulator = Debug|iPhoneSimulator
		Release|Any CPU = Release|Any CPU
		Release|iPhone = Release|iPhone
		Release|iPhoneSimulator = Release|iPhoneSimulator
	EndGlobalSection
	GlobalSection(ProjectConfigurationPlatforms) = postSolution
		{CC1F370A-205C-4A74-95F3-BEB1843472A9}.Debug|Any CPU.ActiveCfg = Debug|Any CPU
		{CC1F370A-205C-4A74-95F3-BEB1843472A9}.Debug|Any CPU.Build.0 = Debug|Any CPU
		{CC1F370A-205C-4A74-95F3-BEB1843472A9}.Debug|Any CPU.Deploy.0 = Debug|Any CPU
		{CC1F370A-205C-4A74-95F3-BEB1843472A9}.Debug|iPhone.ActiveCfg = Debug|Any CPU
		{CC1F370A-205C-4A74-95F3-BEB1843472A9}.Debug|iPhone.Build.0 = Debug|Any CPU
		{CC1F370A-205C-4A74-95F3-BEB1843472A9}.Debug|iPhoneSimulator.ActiveCfg = Debug|Any CPU
		{CC1F370A-205C-4A74-95F3-BEB1843472A9}.Debug|iPhoneSimulator.Build.0 = Debug|Any CPU
		{CC1F370A-205C-4A74-95F3-BEB1843472A9}.Release|Any CPU.ActiveCfg = Release|Any CPU
		{CC1F370A-205C-4A74-95F3-BEB1843472A9}.Release|Any CPU.Build.0 = Release|Any CPU
		{CC1F370A-205C-4A74-95F3-BEB1843472A9}.Release|iPhone.ActiveCfg = Release|Any CPU
		{CC1F370A-205C-4A74-95F3-BEB1843472A9}.Release|iPhone.Build.0 = Release|Any CPU
		{CC1F370A-205C-4A74-95F3-BEB1843472A9}.Release|iPhoneSimulator.ActiveCfg = Release|Any CPU
		{CC1F370A-205C-4A74-95F3-BEB1843472A9}.Release|iPhoneSimulator.Build.0 = Release|Any CPU
		{245ABB19-B033-4A5B-B0F9-0BC5BD33C923}.Debug|Any CPU.ActiveCfg = Debug|Any CPU
		{245ABB19-B033-4A5B-B0F9-0BC5BD33C923}.Debug|Any CPU.Build.0 = Debug|Any CPU
		{245ABB19-B033-4A5B-B0F9-0BC5BD33C923}.Debug|iPhone.ActiveCfg = Debug|Any CPU
		{245ABB19-B033-4A5B-B0F9-0BC5BD33C923}.Debug|iPhone.Build.0 = Debug|Any CPU
		{245ABB19-B033-4A5B-B0F9-0BC5BD33C923}.Debug|iPhoneSimulator.ActiveCfg = Debug|Any CPU
		{245ABB19-B033-4A5B-B0F9-0BC5BD33C923}.Debug|iPhoneSimulator.Build.0 = Debug|Any CPU
		{245ABB19-B033-4A5B-B0F9-0BC5BD33C923}.Release|Any CPU.ActiveCfg = Release|Any CPU
		{245ABB19-B033-4A5B-B0F9-0BC5BD33C923}.Release|Any CPU.Build.0 = Release|Any CPU
		{245ABB19-B033-4A5B-B0F9-0BC5BD33C923}.Release|iPhone.ActiveCfg = Release|Any CPU
		{245ABB19-B033-4A5B-B0F9-0BC5BD33C923}.Release|iPhone.Build.0 = Release|Any CPU
		{245ABB19-B033-4A5B-B0F9-0BC5BD33C923}.Release|iPhoneSimulator.ActiveCfg = Release|Any CPU
		{245ABB19-B033-4A5B-B0F9-0BC5BD33C923}.Release|iPhoneSimulator.Build.0 = Release|Any CPU
	EndGlobalSection
	GlobalSection(SolutionProperties) = preSolution
		HideSolutionNode = FALSE
	EndGlobalSection
	GlobalSection(ExtensibilityGlobals) = postSolution
		SolutionGuid = {734C4728-09B0-4003-A812-CC03014B7BAF}
	EndGlobalSection
EndGlobal
